{
    "_readme": [
        "This file locks the dependencies of your project to a known state",
        "Read more about it at https://getcomposer.org/doc/01-basic-usage.md#installing-dependencies",
        "This file is @generated automatically"
    ],
    "content-hash": "b0d305bb2118bc0c01f46af24c7a009c",
    "packages": [
        {
            "name": "erusev/parsedown",
            "version": "1.8.0-beta-7",
            "source": {
                "type": "git",
                "url": "https://github.com/erusev/parsedown.git",
                "reference": "fe7a50eceb4a3c867cc9fa9c0aa906b1067d1955"
            },
            "dist": {
                "type": "zip",
                "url": "https://api.github.com/repos/erusev/parsedown/zipball/fe7a50eceb4a3c867cc9fa9c0aa906b1067d1955",
                "reference": "fe7a50eceb4a3c867cc9fa9c0aa906b1067d1955",
                "shasum": ""
            },
            "require": {
                "ext-mbstring": "*",
                "php": ">=5.3.0"
            },
            "require-dev": {
                "phpunit/phpunit": "^4.8.35"
            },
            "type": "library",
            "autoload": {
                "psr-0": {
                    "Parsedown": ""
                }
            },
            "notification-url": "https://packagist.org/downloads/",
            "license": [
                "MIT"
            ],
            "authors": [
                {
                    "name": "Emanuil Rusev",
                    "email": "hello@erusev.com",
                    "homepage": "http://erusev.com"
                }
            ],
            "description": "Parser for Markdown.",
            "homepage": "http://parsedown.org",
            "keywords": [
                "markdown",
                "parser"
            ],
            "support": {
                "issues": "https://github.com/erusev/parsedown/issues",
                "source": "https://github.com/erusev/parsedown/tree/1.8.0-beta-7"
            },
            "time": "2019-03-17T18:47:21+00:00"
        },
        {
            "name": "erusev/parsedown-extra",
            "version": "0.8.x-dev",
            "source": {
                "type": "git",
                "url": "https://github.com/erusev/parsedown-extra.git",
                "reference": "91ac3ff98f0cea243bdccc688df43810f044dcef"
            },
            "dist": {
                "type": "zip",
                "url": "https://api.github.com/repos/erusev/parsedown-extra/zipball/91ac3ff98f0cea243bdccc688df43810f044dcef",
                "reference": "91ac3ff98f0cea243bdccc688df43810f044dcef",
                "shasum": ""
            },
            "require": {
                "erusev/parsedown": "^1.7.4"
            },
            "require-dev": {
                "phpunit/phpunit": "^4.8.35"
            },
            "type": "library",
            "autoload": {
                "psr-0": {
                    "ParsedownExtra": ""
                }
            },
            "notification-url": "https://packagist.org/downloads/",
            "license": [
                "MIT"
            ],
            "authors": [
                {
                    "name": "Emanuil Rusev",
                    "email": "hello@erusev.com",
                    "homepage": "http://erusev.com"
                }
            ],
            "description": "An extension of Parsedown that adds support for Markdown Extra.",
            "homepage": "https://github.com/erusev/parsedown-extra",
            "keywords": [
                "markdown",
                "markdown extra",
                "parsedown",
                "parser"
            ],
            "support": {
                "issues": "https://github.com/erusev/parsedown-extra/issues",
                "source": "https://github.com/erusev/parsedown-extra/tree/0.8.x"
            },
            "time": "2019-12-30T23:20:37+00:00"
        },
        {
            "name": "oeuvres/kit",
            "version": "v1.0.0",
            "source": {
                "type": "git",
                "url": "https://github.com/oeuvres/kit.git",
                "reference": "7bc6a46a0abfdef25a2daeaf1843455ea62d7298"
            },
            "dist": {
                "type": "zip",
                "url": "https://api.github.com/repos/oeuvres/kit/zipball/7bc6a46a0abfdef25a2daeaf1843455ea62d7298",
                "reference": "7bc6a46a0abfdef25a2daeaf1843455ea62d7298",
                "shasum": ""
            },
            "require": {
                "psr/log": "1.1.4"
            },
            "type": "library",
            "autoload": {
                "psr-4": {
                    "Oeuvres\\Kit\\": "src/"
                }
            },
            "notification-url": "https://packagist.org/downloads/",
            "license": [
                "BSD-3-Clause"
            ],
            "authors": [
                {
                    "name": "Frédéric Glorieux",
                    "email": "frederic.glorieux@fictif.org"
                }
            ],
            "description": "Routing, logging, templating… small code for big texts",
            "support": {
                "issues": "https://github.com/oeuvres/kit/issues",
                "source": "https://github.com/oeuvres/kit/tree/v1.0.0"
            },
            "time": "2022-12-09T21:00:10+00:00"
        },
        {
            "name": "oeuvres/teinte",
            "version": "dev-main",
            "source": {
                "type": "git",
                "url": "https://github.com/oeuvres/teinte_php.git",
                "reference": "90eddd922fed5de7d55d94d9b1cffc986af86064"
            },
            "dist": {
                "type": "zip",
                "url": "https://api.github.com/repos/oeuvres/teinte_php/zipball/90eddd922fed5de7d55d94d9b1cffc986af86064",
                "reference": "90eddd922fed5de7d55d94d9b1cffc986af86064",
                "shasum": ""
            },
            "require": {
                "erusev/parsedown": "^1.7",
                "erusev/parsedown-extra": "^0.8.1",
                "oeuvres/kit": "^1.0",
                "php": ">=7.2"
            },
            "default-branch": true,
            "bin": [
                "teinte"
            ],
            "type": "library",
            "autoload": {
                "psr-4": {
                    "Oeuvres\\Teinte\\": "src"
                }
            },
            "notification-url": "https://packagist.org/downloads/",
            "license": [
                "BSD-3-Clause"
            ],
            "authors": [
                {
                    "name": "Frédéric Glorieux",
                    "email": "frederic.glorieux@fictif.org"
                }
            ],
            "description": "Transform texts from and to : TEI, DOCX, HTML, EPUB, MD…",
            "support": {
                "issues": "https://github.com/oeuvres/teinte_php/issues",
                "source": "https://github.com/oeuvres/teinte_php/tree/main"
            },
            "time": "2022-12-12T15:55:24+00:00"
        },
        {
            "name": "psr/log",
            "version": "1.1.4",
            "source": {
                "type": "git",
                "url": "https://github.com/php-fig/log.git",
                "reference": "d49695b909c3b7628b6289db5479a1c204601f11"
            },
            "dist": {
                "type": "zip",
                "url": "https://api.github.com/repos/php-fig/log/zipball/d49695b909c3b7628b6289db5479a1c204601f11",
                "reference": "d49695b909c3b7628b6289db5479a1c204601f11",
                "shasum": ""
            },
            "require": {
                "php": ">=5.3.0"
            },
            "type": "library",
            "extra": {
                "branch-alias": {
                    "dev-master": "1.1.x-dev"
                }
            },
            "autoload": {
                "psr-4": {
                    "Psr\\Log\\": "Psr/Log/"
                }
            },
            "notification-url": "https://packagist.org/downloads/",
            "license": [
                "MIT"
            ],
            "authors": [
                {
                    "name": "PHP-FIG",
                    "homepage": "https://www.php-fig.org/"
                }
            ],
            "description": "Common interface for logging libraries",
            "homepage": "https://github.com/php-fig/log",
            "keywords": [
                "log",
                "psr",
                "psr-3"
            ],
            "support": {
                "source": "https://github.com/php-fig/log/tree/1.1.4"
            },
            "time": "2021-05-03T11:20:27+00:00"
        }
    ],
    "packages-dev": [],
    "aliases": [],
    "minimum-stability": "dev",
    "stability-flags": {
        "oeuvres/teinte": 20
    },
    "prefer-stable": false,
    "prefer-lowest": false,
    "platform": [],
    "platform-dev": [],
    "plugin-api-version": "2.1.0"
}
